{
  "version": 4,
  "terraform_version": "1.6.5",
  "serial": 756,
  "lineage": "cc6d0a27-f043-b82b-082b-adb9ab2c4ab1",
  "outputs": {},
  "resources": [
    {
      "mode": "managed",
      "type": "azurerm_lb",
      "name": "http",
      "provider": "provider[\"registry.terraform.io/hashicorp/azurerm\"]",
      "instances": [
        {
          "schema_version": 0,
          "attributes": {
            "edge_zone": "",
            "frontend_ip_configuration": [
              {
                "gateway_load_balancer_frontend_ip_configuration_id": "",
                "id": "/subscriptions/869ae145-2392-4de3-8329-ca304df71588/resourceGroups/azure_backend_example/providers/Microsoft.Network/loadBalancers/TestLoadBalancer/frontendIPConfigurations/PublicIPAddress",
                "inbound_nat_rules": [],
                "load_balancer_rules": [
                  "/subscriptions/869ae145-2392-4de3-8329-ca304df71588/resourceGroups/azure_backend_example/providers/Microsoft.Network/loadBalancers/TestLoadBalancer/loadBalancingRules/HTTP"
                ],
                "name": "PublicIPAddress",
                "outbound_rules": [],
                "private_ip_address": "",
                "private_ip_address_allocation": "Dynamic",
                "private_ip_address_version": "",
                "public_ip_address_id": "/subscriptions/869ae145-2392-4de3-8329-ca304df71588/resourceGroups/azure_backend_example/providers/Microsoft.Network/publicIPAddresses/myPublicIP-test",
                "public_ip_prefix_id": "",
                "subnet_id": "",
                "zones": []
              }
            ],
            "id": "/subscriptions/869ae145-2392-4de3-8329-ca304df71588/resourceGroups/azure_backend_example/providers/Microsoft.Network/loadBalancers/TestLoadBalancer",
            "location": "eastus",
            "name": "TestLoadBalancer",
            "private_ip_address": "",
            "private_ip_addresses": [],
            "resource_group_name": "azure_backend_example",
            "sku": "Standard",
            "sku_tier": "Regional",
            "tags": {},
            "timeouts": null
          },
          "sensitive_attributes": [],
          "private": "eyJlMmJmYjczMC1lY2FhLTExZTYtOGY4OC0zNDM2M2JjN2M0YzAiOnsiY3JlYXRlIjoxODAwMDAwMDAwMDAwLCJkZWxldGUiOjE4MDAwMDAwMDAwMDAsInJlYWQiOjMwMDAwMDAwMDAwMCwidXBkYXRlIjoxODAwMDAwMDAwMDAwfX0=",
          "dependencies": [
            "azurerm_public_ip.test",
            "azurerm_resource_group.azure_backend_example"
          ]
        }
      ]
    },
    {
      "mode": "managed",
      "type": "azurerm_lb_backend_address_pool",
      "name": "http",
      "provider": "provider[\"registry.terraform.io/hashicorp/azurerm\"]",
      "instances": [
        {
          "schema_version": 0,
          "attributes": {
            "backend_ip_configurations": [
              "/subscriptions/869ae145-2392-4de3-8329-ca304df71588/resourceGroups/azure_backend_example/providers/Microsoft.Network/networkInterfaces/nic-Dec13-0-vm/ipConfigurations/testconfiguration1-Dec13-0-vm",
              "/subscriptions/869ae145-2392-4de3-8329-ca304df71588/resourceGroups/azure_backend_example/providers/Microsoft.Network/networkInterfaces/nic-Dec13-1-vm/ipConfigurations/testconfiguration1-Dec13-1-vm"
            ],
            "id": "/subscriptions/869ae145-2392-4de3-8329-ca304df71588/resourceGroups/azure_backend_example/providers/Microsoft.Network/loadBalancers/TestLoadBalancer/backendAddressPools/my-lb-backend-pool",
            "load_balancing_rules": [
              "/subscriptions/869ae145-2392-4de3-8329-ca304df71588/resourceGroups/azure_backend_example/providers/Microsoft.Network/loadBalancers/TestLoadBalancer/loadBalancingRules/HTTP"
            ],
            "loadbalancer_id": "/subscriptions/869ae145-2392-4de3-8329-ca304df71588/resourceGroups/azure_backend_example/providers/Microsoft.Network/loadBalancers/TestLoadBalancer",
            "name": "my-lb-backend-pool",
            "outbound_rules": [],
            "timeouts": null,
            "tunnel_interface": []
          },
          "sensitive_attributes": [],
          "private": "eyJlMmJmYjczMC1lY2FhLTExZTYtOGY4OC0zNDM2M2JjN2M0YzAiOnsiY3JlYXRlIjoxODAwMDAwMDAwMDAwLCJkZWxldGUiOjE4MDAwMDAwMDAwMDAsInJlYWQiOjMwMDAwMDAwMDAwMCwidXBkYXRlIjoxODAwMDAwMDAwMDAwfX0=",
          "dependencies": [
            "azurerm_lb.http",
            "azurerm_public_ip.test",
            "azurerm_resource_group.azure_backend_example"
          ]
        }
      ]
    },
    {
      "mode": "managed",
      "type": "azurerm_lb_probe",
      "name": "http",
      "provider": "provider[\"registry.terraform.io/hashicorp/azurerm\"]",
      "instances": [
        {
          "schema_version": 0,
          "attributes": {
            "id": "/subscriptions/869ae145-2392-4de3-8329-ca304df71588/resourceGroups/azure_backend_example/providers/Microsoft.Network/loadBalancers/TestLoadBalancer/probes/my-lb",
            "interval_in_seconds": 15,
            "load_balancer_rules": [
              "/subscriptions/869ae145-2392-4de3-8329-ca304df71588/resourceGroups/azure_backend_example/providers/Microsoft.Network/loadBalancers/TestLoadBalancer/loadBalancingRules/HTTP"
            ],
            "loadbalancer_id": "/subscriptions/869ae145-2392-4de3-8329-ca304df71588/resourceGroups/azure_backend_example/providers/Microsoft.Network/loadBalancers/TestLoadBalancer",
            "name": "my-lb",
            "number_of_probes": 2,
            "port": 80,
            "protocol": "Tcp",
            "request_path": "",
            "timeouts": null
          },
          "sensitive_attributes": [],
          "private": "eyJlMmJmYjczMC1lY2FhLTExZTYtOGY4OC0zNDM2M2JjN2M0YzAiOnsiY3JlYXRlIjoxODAwMDAwMDAwMDAwLCJkZWxldGUiOjE4MDAwMDAwMDAwMDAsInJlYWQiOjMwMDAwMDAwMDAwMCwidXBkYXRlIjoxODAwMDAwMDAwMDAwfX0=",
          "dependencies": [
            "azurerm_lb.http",
            "azurerm_public_ip.test",
            "azurerm_resource_group.azure_backend_example"
          ]
        }
      ]
    },
    {
      "mode": "managed",
      "type": "azurerm_network_interface",
      "name": "main",
      "provider": "provider[\"registry.terraform.io/hashicorp/azurerm\"]",
      "instances": [
        {
          "index_key": "Dec13-0-vm",
          "schema_version": 0,
          "attributes": {
            "applied_dns_servers": [],
            "dns_servers": [],
            "edge_zone": "",
            "enable_accelerated_networking": false,
            "enable_ip_forwarding": false,
            "id": "/subscriptions/869ae145-2392-4de3-8329-ca304df71588/resourceGroups/azure_backend_example/providers/Microsoft.Network/networkInterfaces/nic-Dec13-0-vm",
            "internal_dns_name_label": "",
            "internal_domain_name_suffix": "vpjwdwi4vdgubcj52jrcs3zwhb.bx.internal.cloudapp.net",
            "ip_configuration": [
              {
                "gateway_load_balancer_frontend_ip_configuration_id": "",
                "name": "testconfiguration1-Dec13-0-vm",
                "primary": true,
                "private_ip_address": "10.0.1.5",
                "private_ip_address_allocation": "Dynamic",
                "private_ip_address_version": "IPv4",
                "public_ip_address_id": "",
                "subnet_id": "/subscriptions/869ae145-2392-4de3-8329-ca304df71588/resourceGroups/azure_backend_example/providers/Microsoft.Network/virtualNetworks/Dec13-network/subnets/internal"
              }
            ],
            "location": "eastus",
            "mac_address": "60-45-BD-D5-28-7B",
            "name": "nic-Dec13-0-vm",
            "private_ip_address": "10.0.1.5",
            "private_ip_addresses": [
              "10.0.1.5"
            ],
            "resource_group_name": "azure_backend_example",
            "tags": {},
            "timeouts": null,
            "virtual_machine_id": "/subscriptions/869ae145-2392-4de3-8329-ca304df71588/resourceGroups/azure_backend_example/providers/Microsoft.Compute/virtualMachines/Dec13-0-vm"
          },
          "sensitive_attributes": [],
          "private": "eyJlMmJmYjczMC1lY2FhLTExZTYtOGY4OC0zNDM2M2JjN2M0YzAiOnsiY3JlYXRlIjoxODAwMDAwMDAwMDAwLCJkZWxldGUiOjE4MDAwMDAwMDAwMDAsInJlYWQiOjMwMDAwMDAwMDAwMCwidXBkYXRlIjoxODAwMDAwMDAwMDAwfX0=",
          "dependencies": [
            "azurerm_resource_group.azure_backend_example",
            "azurerm_subnet.internal",
            "azurerm_virtual_network.main"
          ]
        },
        {
          "index_key": "Dec13-1-vm",
          "schema_version": 0,
          "attributes": {
            "applied_dns_servers": [],
            "dns_servers": [],
            "edge_zone": "",
            "enable_accelerated_networking": false,
            "enable_ip_forwarding": false,
            "id": "/subscriptions/869ae145-2392-4de3-8329-ca304df71588/resourceGroups/azure_backend_example/providers/Microsoft.Network/networkInterfaces/nic-Dec13-1-vm",
            "internal_dns_name_label": "",
            "internal_domain_name_suffix": "vpjwdwi4vdgubcj52jrcs3zwhb.bx.internal.cloudapp.net",
            "ip_configuration": [
              {
                "gateway_load_balancer_frontend_ip_configuration_id": "",
                "name": "testconfiguration1-Dec13-1-vm",
                "primary": true,
                "private_ip_address": "10.0.1.4",
                "private_ip_address_allocation": "Dynamic",
                "private_ip_address_version": "IPv4",
                "public_ip_address_id": "",
                "subnet_id": "/subscriptions/869ae145-2392-4de3-8329-ca304df71588/resourceGroups/azure_backend_example/providers/Microsoft.Network/virtualNetworks/Dec13-network/subnets/internal"
              }
            ],
            "location": "eastus",
            "mac_address": "00-22-48-31-3B-38",
            "name": "nic-Dec13-1-vm",
            "private_ip_address": "10.0.1.4",
            "private_ip_addresses": [
              "10.0.1.4"
            ],
            "resource_group_name": "azure_backend_example",
            "tags": {},
            "timeouts": null,
            "virtual_machine_id": "/subscriptions/869ae145-2392-4de3-8329-ca304df71588/resourceGroups/azure_backend_example/providers/Microsoft.Compute/virtualMachines/Dec13-1-vm"
          },
          "sensitive_attributes": [],
          "private": "eyJlMmJmYjczMC1lY2FhLTExZTYtOGY4OC0zNDM2M2JjN2M0YzAiOnsiY3JlYXRlIjoxODAwMDAwMDAwMDAwLCJkZWxldGUiOjE4MDAwMDAwMDAwMDAsInJlYWQiOjMwMDAwMDAwMDAwMCwidXBkYXRlIjoxODAwMDAwMDAwMDAwfX0=",
          "dependencies": [
            "azurerm_resource_group.azure_backend_example",
            "azurerm_subnet.internal",
            "azurerm_virtual_network.main"
          ]
        }
      ]
    },
    {
      "mode": "managed",
      "type": "azurerm_network_interface_backend_address_pool_association",
      "name": "http",
      "provider": "provider[\"registry.terraform.io/hashicorp/azurerm\"]",
      "instances": [
        {
          "index_key": "Dec13-0-vm",
          "schema_version": 0,
          "attributes": {
            "backend_address_pool_id": "/subscriptions/869ae145-2392-4de3-8329-ca304df71588/resourceGroups/azure_backend_example/providers/Microsoft.Network/loadBalancers/TestLoadBalancer/backendAddressPools/my-lb-backend-pool",
            "id": "/subscriptions/869ae145-2392-4de3-8329-ca304df71588/resourceGroups/azure_backend_example/providers/Microsoft.Network/networkInterfaces/nic-Dec13-0-vm/ipConfigurations/testconfiguration1-Dec13-0-vm|/subscriptions/869ae145-2392-4de3-8329-ca304df71588/resourceGroups/azure_backend_example/providers/Microsoft.Network/loadBalancers/TestLoadBalancer/backendAddressPools/my-lb-backend-pool",
            "ip_configuration_name": "testconfiguration1-Dec13-0-vm",
            "network_interface_id": "/subscriptions/869ae145-2392-4de3-8329-ca304df71588/resourceGroups/azure_backend_example/providers/Microsoft.Network/networkInterfaces/nic-Dec13-0-vm",
            "timeouts": null
          },
          "sensitive_attributes": [],
          "private": "eyJlMmJmYjczMC1lY2FhLTExZTYtOGY4OC0zNDM2M2JjN2M0YzAiOnsiY3JlYXRlIjoxODAwMDAwMDAwMDAwLCJkZWxldGUiOjE4MDAwMDAwMDAwMDAsInJlYWQiOjMwMDAwMDAwMDAwMCwidXBkYXRlIjoxODAwMDAwMDAwMDAwfX0=",
          "dependencies": [
            "azurerm_lb.http",
            "azurerm_lb_backend_address_pool.http",
            "azurerm_network_interface.main",
            "azurerm_public_ip.test",
            "azurerm_resource_group.azure_backend_example",
            "azurerm_subnet.internal",
            "azurerm_virtual_network.main"
          ]
        },
        {
          "index_key": "Dec13-1-vm",
          "schema_version": 0,
          "attributes": {
            "backend_address_pool_id": "/subscriptions/869ae145-2392-4de3-8329-ca304df71588/resourceGroups/azure_backend_example/providers/Microsoft.Network/loadBalancers/TestLoadBalancer/backendAddressPools/my-lb-backend-pool",
            "id": "/subscriptions/869ae145-2392-4de3-8329-ca304df71588/resourceGroups/azure_backend_example/providers/Microsoft.Network/networkInterfaces/nic-Dec13-1-vm/ipConfigurations/testconfiguration1-Dec13-1-vm|/subscriptions/869ae145-2392-4de3-8329-ca304df71588/resourceGroups/azure_backend_example/providers/Microsoft.Network/loadBalancers/TestLoadBalancer/backendAddressPools/my-lb-backend-pool",
            "ip_configuration_name": "testconfiguration1-Dec13-1-vm",
            "network_interface_id": "/subscriptions/869ae145-2392-4de3-8329-ca304df71588/resourceGroups/azure_backend_example/providers/Microsoft.Network/networkInterfaces/nic-Dec13-1-vm",
            "timeouts": null
          },
          "sensitive_attributes": [],
          "private": "eyJlMmJmYjczMC1lY2FhLTExZTYtOGY4OC0zNDM2M2JjN2M0YzAiOnsiY3JlYXRlIjoxODAwMDAwMDAwMDAwLCJkZWxldGUiOjE4MDAwMDAwMDAwMDAsInJlYWQiOjMwMDAwMDAwMDAwMCwidXBkYXRlIjoxODAwMDAwMDAwMDAwfX0=",
          "dependencies": [
            "azurerm_lb.http",
            "azurerm_lb_backend_address_pool.http",
            "azurerm_network_interface.main",
            "azurerm_public_ip.test",
            "azurerm_resource_group.azure_backend_example",
            "azurerm_subnet.internal",
            "azurerm_virtual_network.main"
          ]
        }
      ]
    },
    {
      "mode": "managed",
      "type": "azurerm_network_interface_security_group_association",
      "name": "http",
      "provider": "provider[\"registry.terraform.io/hashicorp/azurerm\"]",
      "instances": [
        {
          "index_key": "Dec13-1-vm",
          "schema_version": 0,
          "attributes": {
            "id": "/subscriptions/869ae145-2392-4de3-8329-ca304df71588/resourceGroups/azure_backend_example/providers/Microsoft.Network/networkInterfaces/nic-Dec13-1-vm|/subscriptions/869ae145-2392-4de3-8329-ca304df71588/resourceGroups/azure_backend_example/providers/Microsoft.Network/networkSecurityGroups/example-nsg",
            "network_interface_id": "/subscriptions/869ae145-2392-4de3-8329-ca304df71588/resourceGroups/azure_backend_example/providers/Microsoft.Network/networkInterfaces/nic-Dec13-1-vm",
            "network_security_group_id": "/subscriptions/869ae145-2392-4de3-8329-ca304df71588/resourceGroups/azure_backend_example/providers/Microsoft.Network/networkSecurityGroups/example-nsg",
            "timeouts": null
          },
          "sensitive_attributes": [],
          "private": "eyJlMmJmYjczMC1lY2FhLTExZTYtOGY4OC0zNDM2M2JjN2M0YzAiOnsiY3JlYXRlIjoxODAwMDAwMDAwMDAwLCJkZWxldGUiOjE4MDAwMDAwMDAwMDAsInJlYWQiOjMwMDAwMDAwMDAwMCwidXBkYXRlIjoxODAwMDAwMDAwMDAwfX0=",
          "dependencies": [
            "azurerm_network_interface.main",
            "azurerm_network_security_group.example",
            "azurerm_resource_group.azure_backend_example",
            "azurerm_subnet.internal",
            "azurerm_virtual_network.main"
          ]
        }
      ]
    },
    {
      "mode": "managed",
      "type": "azurerm_network_security_group",
      "name": "example",
      "provider": "provider[\"registry.terraform.io/hashicorp/azurerm\"]",
      "instances": [
        {
          "schema_version": 0,
          "attributes": {
            "id": "/subscriptions/869ae145-2392-4de3-8329-ca304df71588/resourceGroups/azure_backend_example/providers/Microsoft.Network/networkSecurityGroups/example-nsg",
            "location": "eastus",
            "name": "example-nsg",
            "resource_group_name": "azure_backend_example",
            "security_rule": [
              {
                "access": "Allow",
                "description": "",
                "destination_address_prefix": "*",
                "destination_address_prefixes": [],
                "destination_application_security_group_ids": [],
                "destination_port_range": "22",
                "destination_port_ranges": [],
                "direction": "Inbound",
                "name": "SSH",
                "priority": 100,
                "protocol": "Tcp",
                "source_address_prefix": "*",
                "source_address_prefixes": [],
                "source_application_security_group_ids": [],
                "source_port_range": "*",
                "source_port_ranges": []
              },
              {
                "access": "Allow",
                "description": "Allow HTTP access",
                "destination_address_prefix": "*",
                "destination_address_prefixes": [],
                "destination_application_security_group_ids": [],
                "destination_port_range": "80",
                "destination_port_ranges": [],
                "direction": "Inbound",
                "name": "http",
                "priority": 110,
                "protocol": "Tcp",
                "source_address_prefix": "*",
                "source_address_prefixes": [],
                "source_application_security_group_ids": [],
                "source_port_range": "*",
                "source_port_ranges": []
              }
            ],
            "tags": {},
            "timeouts": null
          },
          "sensitive_attributes": [],
          "private": "eyJlMmJmYjczMC1lY2FhLTExZTYtOGY4OC0zNDM2M2JjN2M0YzAiOnsiY3JlYXRlIjoxODAwMDAwMDAwMDAwLCJkZWxldGUiOjE4MDAwMDAwMDAwMDAsInJlYWQiOjMwMDAwMDAwMDAwMCwidXBkYXRlIjoxODAwMDAwMDAwMDAwfX0=",
          "dependencies": [
            "azurerm_resource_group.azure_backend_example"
          ]
        }
      ]
    },
    {
      "mode": "managed",
      "type": "azurerm_public_ip",
      "name": "test",
      "provider": "provider[\"registry.terraform.io/hashicorp/azurerm\"]",
      "instances": [
        {
          "schema_version": 0,
          "attributes": {
            "allocation_method": "Static",
            "domain_name_label": null,
            "edge_zone": "",
            "fqdn": null,
            "id": "/subscriptions/869ae145-2392-4de3-8329-ca304df71588/resourceGroups/azure_backend_example/providers/Microsoft.Network/publicIPAddresses/myPublicIP-test",
            "idle_timeout_in_minutes": 4,
            "ip_address": "20.124.219.198",
            "ip_tags": {},
            "ip_version": "IPv4",
            "location": "eastus",
            "name": "myPublicIP-test",
            "public_ip_prefix_id": null,
            "resource_group_name": "azure_backend_example",
            "reverse_fqdn": null,
            "sku": "Standard",
            "sku_tier": "Regional",
            "tags": {},
            "timeouts": null,
            "zones": []
          },
          "sensitive_attributes": [],
          "private": "eyJlMmJmYjczMC1lY2FhLTExZTYtOGY4OC0zNDM2M2JjN2M0YzAiOnsiY3JlYXRlIjoxODAwMDAwMDAwMDAwLCJkZWxldGUiOjE4MDAwMDAwMDAwMDAsInJlYWQiOjMwMDAwMDAwMDAwMCwidXBkYXRlIjoxODAwMDAwMDAwMDAwfX0=",
          "dependencies": [
            "azurerm_resource_group.azure_backend_example"
          ]
        }
      ]
    },
    {
      "mode": "managed",
      "type": "azurerm_resource_group",
      "name": "azure_backend_example",
      "provider": "provider[\"registry.terraform.io/hashicorp/azurerm\"]",
      "instances": [
        {
          "schema_version": 0,
          "attributes": {
            "id": "/subscriptions/869ae145-2392-4de3-8329-ca304df71588/resourceGroups/azure_backend_example",
            "location": "eastus",
            "name": "azure_backend_example",
            "tags": {},
            "timeouts": null
          },
          "sensitive_attributes": [],
          "private": "eyJlMmJmYjczMC1lY2FhLTExZTYtOGY4OC0zNDM2M2JjN2M0YzAiOnsiY3JlYXRlIjo1NDAwMDAwMDAwMDAwLCJkZWxldGUiOjU0MDAwMDAwMDAwMDAsInJlYWQiOjMwMDAwMDAwMDAwMCwidXBkYXRlIjo1NDAwMDAwMDAwMDAwfX0="
        }
      ]
    },
    {
      "mode": "managed",
      "type": "azurerm_subnet",
      "name": "internal",
      "provider": "provider[\"registry.terraform.io/hashicorp/azurerm\"]",
      "instances": [
        {
          "schema_version": 0,
          "attributes": {
            "address_prefixes": [
              "10.0.1.0/24"
            ],
            "delegation": [],
            "enforce_private_link_endpoint_network_policies": false,
            "enforce_private_link_service_network_policies": false,
            "id": "/subscriptions/869ae145-2392-4de3-8329-ca304df71588/resourceGroups/azure_backend_example/providers/Microsoft.Network/virtualNetworks/Dec13-network/subnets/internal",
            "name": "internal",
            "resource_group_name": "azure_backend_example",
            "service_endpoint_policy_ids": [],
            "service_endpoints": [],
            "timeouts": null,
            "virtual_network_name": "Dec13-network"
          },
          "sensitive_attributes": [],
          "private": "eyJlMmJmYjczMC1lY2FhLTExZTYtOGY4OC0zNDM2M2JjN2M0YzAiOnsiY3JlYXRlIjoxODAwMDAwMDAwMDAwLCJkZWxldGUiOjE4MDAwMDAwMDAwMDAsInJlYWQiOjMwMDAwMDAwMDAwMCwidXBkYXRlIjoxODAwMDAwMDAwMDAwfX0=",
          "dependencies": [
            "azurerm_resource_group.azure_backend_example",
            "azurerm_virtual_network.main"
          ]
        }
      ]
    },
    {
      "mode": "managed",
      "type": "azurerm_subnet_network_security_group_association",
      "name": "example",
      "provider": "provider[\"registry.terraform.io/hashicorp/azurerm\"]",
      "instances": [
        {
          "schema_version": 0,
          "attributes": {
            "id": "/subscriptions/869ae145-2392-4de3-8329-ca304df71588/resourceGroups/azure_backend_example/providers/Microsoft.Network/virtualNetworks/Dec13-network/subnets/internal",
            "network_security_group_id": "/subscriptions/869ae145-2392-4de3-8329-ca304df71588/resourceGroups/azure_backend_example/providers/Microsoft.Network/networkSecurityGroups/example-nsg",
            "subnet_id": "/subscriptions/869ae145-2392-4de3-8329-ca304df71588/resourceGroups/azure_backend_example/providers/Microsoft.Network/virtualNetworks/Dec13-network/subnets/internal",
            "timeouts": null
          },
          "sensitive_attributes": [],
          "private": "eyJlMmJmYjczMC1lY2FhLTExZTYtOGY4OC0zNDM2M2JjN2M0YzAiOnsiY3JlYXRlIjoxODAwMDAwMDAwMDAwLCJkZWxldGUiOjE4MDAwMDAwMDAwMDAsInJlYWQiOjMwMDAwMDAwMDAwMCwidXBkYXRlIjoxODAwMDAwMDAwMDAwfX0=",
          "dependencies": [
            "azurerm_network_security_group.example",
            "azurerm_resource_group.azure_backend_example",
            "azurerm_subnet.internal",
            "azurerm_virtual_network.main"
          ]
        }
      ]
    },
    {
      "mode": "managed",
      "type": "azurerm_virtual_network",
      "name": "main",
      "provider": "provider[\"registry.terraform.io/hashicorp/azurerm\"]",
      "instances": [
        {
          "schema_version": 0,
          "attributes": {
            "address_space": [
              "10.0.0.0/16"
            ],
            "bgp_community": "",
            "ddos_protection_plan": [],
            "dns_servers": [],
            "edge_zone": "",
            "flow_timeout_in_minutes": 0,
            "guid": "d961d3ab-a81e-40cd-893f-e26229773639",
            "id": "/subscriptions/869ae145-2392-4de3-8329-ca304df71588/resourceGroups/azure_backend_example/providers/Microsoft.Network/virtualNetworks/Dec13-network",
            "location": "eastus",
            "name": "Dec13-network",
            "resource_group_name": "azure_backend_example",
            "subnet": [
              {
                "address_prefix": "10.0.1.0/24",
                "id": "/subscriptions/869ae145-2392-4de3-8329-ca304df71588/resourceGroups/azure_backend_example/providers/Microsoft.Network/virtualNetworks/Dec13-network/subnets/internal",
                "name": "internal",
                "security_group": "/subscriptions/869ae145-2392-4de3-8329-ca304df71588/resourceGroups/azure_backend_example/providers/Microsoft.Network/networkSecurityGroups/example-nsg"
              }
            ],
            "tags": {},
            "timeouts": null
          },
          "sensitive_attributes": [],
          "private": "eyJlMmJmYjczMC1lY2FhLTExZTYtOGY4OC0zNDM2M2JjN2M0YzAiOnsiY3JlYXRlIjoxODAwMDAwMDAwMDAwLCJkZWxldGUiOjE4MDAwMDAwMDAwMDAsInJlYWQiOjMwMDAwMDAwMDAwMCwidXBkYXRlIjoxODAwMDAwMDAwMDAwfX0=",
          "dependencies": [
            "azurerm_resource_group.azure_backend_example"
          ]
        }
      ]
    }
  ],
  "check_results": null
}
